{
  "projects": [
    {
      "projectId": "9Vr5YWkf3w7jj6SsTcCEta",
      "version": "0.13.0",
      "dependencies": {},
      "lang": "js",
      "fileLocks": [
        {
          "assetId": "9Vr5YWkf3w7jj6SsTcCEta",
          "type": "projectCss",
          "checksum": "1c02168c6b23256606111fdfdbb63549"
        }
      ],
      "codegenVersion": "0.0.1"
    },
    {
      "projectId": "jkU633o1Cz7HrJdwdxhVHk",
      "version": "16.13.0",
      "dependencies": {},
      "lang": "js",
      "fileLocks": [
        {
          "assetId": "jkU633o1Cz7HrJdwdxhVHk",
          "type": "projectCss",
          "checksum": "cf57d229ecea50678d9d8d3bc0e3dd9b"
        }
      ],
      "codegenVersion": "0.0.1"
    },
    {
      "projectId": "ohDidvG9XsCeFumugENU3J",
      "version": "6.29.0",
      "dependencies": {},
      "lang": "js",
      "fileLocks": [
        {
          "assetId": "ohDidvG9XsCeFumugENU3J",
          "type": "projectCss",
          "checksum": "ba2a60a163fca4f4d510275088a2be53"
        },
        {
          "assetId": "ohDidvG9XsCeFumugENU3J",
          "checksum": "f9cc098ce5640eefe7d9edb8470a210c",
          "type": "globalContexts"
        }
      ],
      "codegenVersion": "0.0.1"
    },
    {
      "projectId": "3XwD8wCAoqPrGWTGpVKhwr",
      "version": "latest",
      "dependencies": {
        "ohDidvG9XsCeFumugENU3J": "6.29.0",
        "jkU633o1Cz7HrJdwdxhVHk": "16.13.0",
        "9Vr5YWkf3w7jj6SsTcCEta": "0.13.0"
      },
      "lang": "js",
      "fileLocks": [
        {
          "type": "globalVariant",
          "assetId": "ByEsIKcH4P6o",
          "checksum": "494fa495dda43a00190e28cb824deea4"
        },
        {
          "assetId": "3XwD8wCAoqPrGWTGpVKhwr",
          "type": "projectCss",
          "checksum": "2a7adb4d71c8ff370747f28c90f5d772"
        },
        {
          "assetId": "3XwD8wCAoqPrGWTGpVKhwr",
          "checksum": "6de2e7dcdd4eb6020f900942f9117b88",
          "type": "globalContexts"
        },
        {
          "type": "renderModule",
          "assetId": "q2Dbp2E31ItQ",
          "checksum": "81bb916838f0da8afd12badc98009e89"
        },
        {
          "type": "cssRules",
          "assetId": "q2Dbp2E31ItQ",
          "checksum": "81bb916838f0da8afd12badc98009e89"
        },
        {
          "type": "renderModule",
          "assetId": "XAFPwmrvpEGt",
          "checksum": "885bbfd349a9f7003f3def82ad6407ad"
        },
        {
          "type": "cssRules",
          "assetId": "XAFPwmrvpEGt",
          "checksum": "885bbfd349a9f7003f3def82ad6407ad"
        },
        {
          "type": "renderModule",
          "assetId": "C9UhLP6S6jRb",
          "checksum": "f029fdc08973319a8b5e179411d52f2b"
        },
        {
          "type": "cssRules",
          "assetId": "C9UhLP6S6jRb",
          "checksum": "f029fdc08973319a8b5e179411d52f2b"
        },
        {
          "type": "icon",
          "assetId": "dLL9V3MyX4JH",
          "checksum": "0a0e9a827fac491197099c24e964449b"
        },
        {
          "type": "icon",
          "assetId": "D9E2B-ANxlDD",
          "checksum": "18cdbd688fb77507b0f1fdb0cf809aea"
        },
        {
          "type": "icon",
          "assetId": "LBXCyLpxoVii",
          "checksum": "522ba336627813b9699da076eaaad256"
        },
        {
          "type": "icon",
          "assetId": "kBVL3_3vP3PL",
          "checksum": "b684716bd3f732d8dfab6c5455eff2e4"
        },
        {
          "type": "icon",
          "assetId": "HpOfyYJi2Ofz",
          "checksum": "5bd7e7f3c9b4cc1f5ae48920a9b4971b"
        },
        {
          "type": "icon",
          "assetId": "nZEB40zHdKIj",
          "checksum": "04f6c97226076def22332d337fc886d0"
        },
        {
          "type": "icon",
          "assetId": "it6lXyUD9f_g",
          "checksum": "7d88ed2c04d5ad72c6391e2a267c71ff"
        },
        {
          "type": "icon",
          "assetId": "XJvrBeUsfp7D",
          "checksum": "520a85a5b4af406b4bdb6cc1e88bf56c"
        },
        {
          "type": "icon",
          "assetId": "y0pnzgCrYj0L",
          "checksum": "29e9d9a86f66216a87d4a7d97f773d55"
        },
        {
          "type": "icon",
          "assetId": "jGee_WdWnBfT",
          "checksum": "17beebef8257d26ad87b0131879a8303"
        },
        {
          "type": "icon",
          "assetId": "-Hbx0ldwMGfX",
          "checksum": "e87d5559a64faa546a3f1eebfcb284da"
        },
        {
          "type": "icon",
          "assetId": "WwpwYa9X5Cpp",
          "checksum": "939ca3b5d14b547aa06a1cd3420963d7"
        },
        {
          "type": "icon",
          "assetId": "td3CWbdk2bS1",
          "checksum": "147e88192049f8f81da3219395c91ea9"
        },
        {
          "type": "icon",
          "assetId": "ZPPmaezx2AeN",
          "checksum": "364dd5c1ba36da5d211917abaf8df957"
        },
        {
          "type": "image",
          "assetId": "puL6hFhx6wcL",
          "checksum": "cfd2ffc5c9c9cdcdf3578f1c461cf0bd"
        },
        {
          "type": "image",
          "assetId": "D_j1urhmg1gd",
          "checksum": "df76885c3c74998921e0d44fc6934907"
        },
        {
          "type": "image",
          "assetId": "B9rBFfO1tmC9",
          "checksum": "1ee386cc2ad7b7ec46b9d2f1f90bb41f"
        },
        {
          "type": "image",
          "assetId": "0oiZO-whBce6",
          "checksum": "aaa802c52eb419a07c9bae9c29a04d4c"
        },
        {
          "type": "image",
          "assetId": "atDK0JSizLq6",
          "checksum": "cd01d06828e4f85c903ebf9ba67637dc"
        },
        {
          "type": "image",
          "assetId": "w2_nrf5SP4ik",
          "checksum": "91fc8b1402f3394fe2214683ad72d8f5"
        },
        {
          "type": "image",
          "assetId": "Kc1LOwphjPoc",
          "checksum": "245a161d77f2b6ddbd5408add7060673"
        },
        {
          "type": "image",
          "assetId": "agPaICub2b_v",
          "checksum": "dcf656e11793208a4d3388834d948371"
        },
        {
          "type": "image",
          "assetId": "aPgOVRcCh-wL",
          "checksum": "ededcd1446fcafc50dd3b78550c1f78d"
        },
        {
          "type": "image",
          "assetId": "156iA6BDYeZS",
          "checksum": "238fec8c0dc32d1bd1a1804016054942"
        }
      ],
      "codegenVersion": "0.0.1"
    }
  ],
  "cliVersion": "0.1.338"
}
